
Microsoft Visual Studio Solution File, Format Version 12.00
# Visual Studio Version 16
VisualStudioVersion = 16.0.30011.22
MinimumVisualStudioVersion = 10.0.40219.1
Project("{FAE04EC0-301F-11D3-BF4B-00C04F79EFBC}") = "InventarioTIASPX", "InventarioTIASPX\InventarioTIASPX.csproj", "{213EFA58-85C6-4568-BF5C-A68B4C1D4640}"
EndProject
Global
	GlobalSection(SolutionConfigurationPlatforms) = preSolution
		Debug|Any CPU = Debug|Any CPU
		Release|Any CPU = Release|Any CPU
	EndGlobalSection
	GlobalSection(ProjectConfigurationPlatforms) = postSolution
		{213EFA58-85C6-4568-BF5C-A68B4C1D4640}.Debug|Any CPU.ActiveCfg = Debug|Any CPU
		{213EFA58-85C6-4568-BF5C-A68B4C1D4640}.Debug|Any CPU.Build.0 = Debug|Any CPU
		{213EFA58-85C6-4568-BF5C-A68B4C1D4640}.Release|Any CPU.ActiveCfg = Release|Any CPU
		{213EFA58-85C6-4568-BF5C-A68B4C1D4640}.Release|Any CPU.Build.0 = Release|Any CPU
	EndGlobalSection
	GlobalSection(SolutionProperties) = preSolution
		HideSolutionNode = FALSE
	EndGlobalSection
	GlobalSection(ExtensibilityGlobals) = postSolution
		SolutionGuid = {FEDC0B2E-0837-4301-9C11-5571B3E3B574}
	EndGlobalSection
EndGlobal
